# This file is automatically @generated by Poetry 2.1.3 and should not be changed by hand.

[[package]]
name = "certifi"
version = "2025.6.15"
description = "Python package for providing Mozilla's CA Bundle."
optional = false
python-versions = ">=3.7"
groups = ["main"]
files = [
    {file = "certifi-2025.6.15-py3-none-any.whl", hash = "sha256:2e0c7ce7cb5d8f8634ca55d2ba7e6ec2689a2fd6537d8dec1296a477a4910057"},
    {file = "certifi-2025.6.15.tar.gz", hash = "sha256:d747aa5a8b9bbbb1bb8c22bb13e22bd1f18e9796defa16bab421f7f7a317323b"},
]

[[package]]
name = "charset-normalizer"
version = "3.4.2"
description = "The Real First Universal Charset Detector. Open, modern and actively maintained alternative to Chardet."
optional = false
python-versions = ">=3.7"
groups = ["main"]
files = [
    {file = "charset_normalizer-3.4.2-cp310-cp310-macosx_10_9_universal2.whl", hash = "sha256:7c48ed483eb946e6c04ccbe02c6b4d1d48e51944b6db70f697e089c193404941"},
    {file = "charset_normalizer-3.4.2-cp310-cp310-manylinux_2_17_aarch64.manylinux2014_aarch64.whl", hash = "sha256:b2d318c11350e10662026ad0eb71bb51c7812fc8590825304ae0bdd4ac283acd"},
    {file = "charset_normalizer-3.4.2-cp310-cp310-manylinux_2_17_ppc64le.manylinux2014_ppc64le.whl", hash = "sha256:9cbfacf36cb0ec2897ce0ebc5d08ca44213af24265bd56eca54bee7923c48fd6"},
    {file = "charset_normalizer-3.4.2-cp310-cp310-manylinux_2_17_s390x.manylinux2014_s390x.whl", hash = "sha256:18dd2e350387c87dabe711b86f83c9c78af772c748904d372ade190b5c7c9d4d"},
    {file = "charset_normalizer-3.4.2-cp310-cp310-manylinux_2_17_x86_64.manylinux2014_x86_64.whl", hash = "sha256:8075c35cd58273fee266c58c0c9b670947c19df5fb98e7b66710e04ad4e9ff86"},
    {file = "charset_normalizer-3.4.2-cp310-cp310-manylinux_2_5_i686.manylinux1_i686.manylinux_2_17_i686.manylinux2014_i686.whl", hash = "sha256:5bf4545e3b962767e5c06fe1738f951f77d27967cb2caa64c28be7c4563e162c"},
    {file = "charset_normalizer-3.4.2-cp310-cp310-musllinux_1_2_aarch64.whl", hash = "sha256:7a6ab32f7210554a96cd9e33abe3ddd86732beeafc7a28e9955cdf22ffadbab0"},
    {file = "charset_normalizer-3.4.2-cp310-cp310-musllinux_1_2_i686.whl", hash = "sha256:b33de11b92e9f75a2b545d6e9b6f37e398d86c3e9e9653c4864eb7e89c5773ef"},
    {file = "charset_normalizer-3.4.2-cp310-cp310-musllinux_1_2_ppc64le.whl", hash = "sha256:8755483f3c00d6c9a77f490c17e6ab0c8729e39e6390328e42521ef175380ae6"},
    {file = "charset_normalizer-3.4.2-cp310-cp310-musllinux_1_2_s390x.whl", hash = "sha256:68a328e5f55ec37c57f19ebb1fdc56a248db2e3e9ad769919a58672958e8f366"},
    {file = "charset_normalizer-3.4.2-cp310-cp310-musllinux_1_2_x86_64.whl", hash = "sha256:21b2899062867b0e1fde9b724f8aecb1af14f2778d69aacd1a5a1853a597a5db"},
    {file = "charset_normalizer-3.4.2-cp310-cp310-win32.whl", hash = "sha256:e8082b26888e2f8b36a042a58307d5b917ef2b1cacab921ad3323ef91901c71a"},
    {file = "charset_normalizer-3.4.2-cp310-cp310-win_amd64.whl", hash = "sha256:f69a27e45c43520f5487f27627059b64aaf160415589230992cec34c5e18a509"},
    {file = "charset_normalizer-3.4.2-cp311-cp311-macosx_10_9_universal2.whl", hash = "sha256:be1e352acbe3c78727a16a455126d9ff83ea2dfdcbc83148d2982305a04714c2"},
    {file = "charset_normalizer-3.4.2-cp311-cp311-manylinux_2_17_aarch64.manylinux2014_aarch64.whl", hash = "sha256:aa88ca0b1932e93f2d961bf3addbb2db902198dca337d88c89e1559e066e7645"},
    {file = "charset_normalizer-3.4.2-cp311-cp311-manylinux_2_17_ppc64le.manylinux2014_ppc64le.whl", hash = "sha256:d524ba3f1581b35c03cb42beebab4a13e6cdad7b36246bd22541fa585a56cccd"},
    {file = "charset_normalizer-3.4.2-cp311-cp311-manylinux_2_17_s390x.manylinux2014_s390x.whl", hash = "sha256:28a1005facc94196e1fb3e82a3d442a9d9110b8434fc1ded7a24a2983c9888d8"},
    {file = "charset_normalizer-3.4.2-cp311-cp311-manylinux_2_17_x86_64.manylinux2014_x86_64.whl", hash = "sha256:fdb20a30fe1175ecabed17cbf7812f7b804b8a315a25f24678bcdf120a90077f"},
    {file = "charset_normalizer-3.4.2-cp311-cp311-manylinux_2_5_i686.manylinux1_i686.manylinux_2_17_i686.manylinux2014_i686.whl", hash = "sha256:0f5d9ed7f254402c9e7d35d2f5972c9bbea9040e99cd2861bd77dc68263277c7"},
    {file = "charset_normalizer-3.4.2-cp311-cp311-musllinux_1_2_aarch64.whl", hash = "sha256:efd387a49825780ff861998cd959767800d54f8308936b21025326de4b5a42b9"},
    {file = "charset_normalizer-3.4.2-cp311-cp311-musllinux_1_2_i686.whl", hash = "sha256:f0aa37f3c979cf2546b73e8222bbfa3dc07a641585340179d768068e3455e544"},
    {file = "charset_normalizer-3.4.2-cp311-cp311-musllinux_1_2_ppc64le.whl", hash = "sha256:e70e990b2137b29dc5564715de1e12701815dacc1d056308e2b17e9095372a82"},
    {file = "charset_normalizer-3.4.2-cp311-cp311-musllinux_1_2_s390x.whl", hash = "sha256:0c8c57f84ccfc871a48a47321cfa49ae1df56cd1d965a09abe84066f6853b9c0"},
    {file = "charset_normalizer-3.4.2-cp311-cp311-musllinux_1_2_x86_64.whl", hash = "sha256:6b66f92b17849b85cad91259efc341dce9c1af48e2173bf38a85c6329f1033e5"},
    {file = "charset_normalizer-3.4.2-cp311-cp311-win32.whl", hash = "sha256:daac4765328a919a805fa5e2720f3e94767abd632ae410a9062dff5412bae65a"},
    {file = "charset_normalizer-3.4.2-cp311-cp311-win_amd64.whl", hash = "sha256:e53efc7c7cee4c1e70661e2e112ca46a575f90ed9ae3fef200f2a25e954f4b28"},
    {file = "charset_normalizer-3.4.2-cp312-cp312-macosx_10_13_universal2.whl", hash = "sha256:0c29de6a1a95f24b9a1aa7aefd27d2487263f00dfd55a77719b530788f75cff7"},
    {file = "charset_normalizer-3.4.2-cp312-cp312-manylinux_2_17_aarch64.manylinux2014_aarch64.whl", hash = "sha256:cddf7bd982eaa998934a91f69d182aec997c6c468898efe6679af88283b498d3"},
    {file = "charset_normalizer-3.4.2-cp312-cp312-manylinux_2_17_ppc64le.manylinux2014_ppc64le.whl", hash = "sha256:fcbe676a55d7445b22c10967bceaaf0ee69407fbe0ece4d032b6eb8d4565982a"},
    {file = "charset_normalizer-3.4.2-cp312-cp312-manylinux_2_17_s390x.manylinux2014_s390x.whl", hash = "sha256:d41c4d287cfc69060fa91cae9683eacffad989f1a10811995fa309df656ec214"},
    {file = "charset_normalizer-3.4.2-cp312-cp312-manylinux_2_17_x86_64.manylinux2014_x86_64.whl", hash = "sha256:4e594135de17ab3866138f496755f302b72157d115086d100c3f19370839dd3a"},
    {file = "charset_normalizer-3.4.2-cp312-cp312-manylinux_2_5_i686.manylinux1_i686.manylinux_2_17_i686.manylinux2014_i686.whl", hash = "sha256:cf713fe9a71ef6fd5adf7a79670135081cd4431c2943864757f0fa3a65b1fafd"},
    {file = "charset_normalizer-3.4.2-cp312-cp312-musllinux_1_2_aarch64.whl", hash = "sha256:a370b3e078e418187da8c3674eddb9d983ec09445c99a3a263c2011993522981"},
    {file = "charset_normalizer-3.4.2-cp312-cp312-musllinux_1_2_i686.whl", hash = "sha256:a955b438e62efdf7e0b7b52a64dc5c3396e2634baa62471768a64bc2adb73d5c"},
    {file = "charset_normalizer-3.4.2-cp312-cp312-musllinux_1_2_ppc64le.whl", hash = "sha256:7222ffd5e4de8e57e03ce2cef95a4c43c98fcb72ad86909abdfc2c17d227fc1b"},
    {file = "charset_normalizer-3.4.2-cp312-cp312-musllinux_1_2_s390x.whl", hash = "sha256:bee093bf902e1d8fc0ac143c88902c3dfc8941f7ea1d6a8dd2bcb786d33db03d"},
    {file = "charset_normalizer-3.4.2-cp312-cp312-musllinux_1_2_x86_64.whl", hash = "sha256:dedb8adb91d11846ee08bec4c8236c8549ac721c245678282dcb06b221aab59f"},
    {file = "charset_normalizer-3.4.2-cp312-cp312-win32.whl", hash = "sha256:db4c7bf0e07fc3b7d89ac2a5880a6a8062056801b83ff56d8464b70f65482b6c"},
    {file = "charset_normalizer-3.4.2-cp312-cp312-win_amd64.whl", hash = "sha256:5a9979887252a82fefd3d3ed2a8e3b937a7a809f65dcb1e068b090e165bbe99e"},
    {file = "charset_normalizer-3.4.2-cp313-cp313-macosx_10_13_universal2.whl", hash = "sha256:926ca93accd5d36ccdabd803392ddc3e03e6d4cd1cf17deff3b989ab8e9dbcf0"},
    {file = "charset_normalizer-3.4.2-cp313-cp313-manylinux_2_17_aarch64.manylinux2014_aarch64.whl", hash = "sha256:eba9904b0f38a143592d9fc0e19e2df0fa2e41c3c3745554761c5f6447eedabf"},
    {file = "charset_normalizer-3.4.2-cp313-cp313-manylinux_2_17_ppc64le.manylinux2014_ppc64le.whl", hash = "sha256:3fddb7e2c84ac87ac3a947cb4e66d143ca5863ef48e4a5ecb83bd48619e4634e"},
    {file = "charset_normalizer-3.4.2-cp313-cp313-manylinux_2_17_s390x.manylinux2014_s390x.whl", hash = "sha256:98f862da73774290f251b9df8d11161b6cf25b599a66baf087c1ffe340e9bfd1"},
    {file = "charset_normalizer-3.4.2-cp313-cp313-manylinux_2_17_x86_64.manylinux2014_x86_64.whl", hash = "sha256:6c9379d65defcab82d07b2a9dfbfc2e95bc8fe0ebb1b176a3190230a3ef0e07c"},
    {file = "charset_normalizer-3.4.2-cp313-cp313-manylinux_2_5_i686.manylinux1_i686.manylinux_2_17_i686.manylinux2014_i686.whl", hash = "sha256:e635b87f01ebc977342e2697d05b56632f5f879a4f15955dfe8cef2448b51691"},
    {file = "charset_normalizer-3.4.2-cp313-cp313-musllinux_1_2_aarch64.whl", hash = "sha256:1c95a1e2902a8b722868587c0e1184ad5c55631de5afc0eb96bc4b0d738092c0"},
    {file = "charset_normalizer-3.4.2-cp313-cp313-musllinux_1_2_i686.whl", hash = "sha256:ef8de666d6179b009dce7bcb2ad4c4a779f113f12caf8dc77f0162c29d20490b"},
    {file = "charset_normalizer-3.4.2-cp313-cp313-musllinux_1_2_ppc64le.whl", hash = "sha256:32fc0341d72e0f73f80acb0a2c94216bd704f4f0bce10aedea38f30502b271ff"},
    {file = "charset_normalizer-3.4.2-cp313-cp313-musllinux_1_2_s390x.whl", hash = "sha256:289200a18fa698949d2b39c671c2cc7a24d44096784e76614899a7ccf2574b7b"},
    {file = "charset_normalizer-3.4.2-cp313-cp313-musllinux_1_2_x86_64.whl", hash = "sha256:4a476b06fbcf359ad25d34a057b7219281286ae2477cc5ff5e3f70a246971148"},
    {file = "charset_normalizer-3.4.2-cp313-cp313-win32.whl", hash = "sha256:aaeeb6a479c7667fbe1099af9617c83aaca22182d6cf8c53966491a0f1b7ffb7"},
    {file = "charset_normalizer-3.4.2-cp313-cp313-win_amd64.whl", hash = "sha256:aa6af9e7d59f9c12b33ae4e9450619cf2488e2bbe9b44030905877f0b2324980"},
    {file = "charset_normalizer-3.4.2-cp37-cp37m-manylinux_2_17_aarch64.manylinux2014_aarch64.whl", hash = "sha256:1cad5f45b3146325bb38d6855642f6fd609c3f7cad4dbaf75549bf3b904d3184"},
    {file = "charset_normalizer-3.4.2-cp37-cp37m-manylinux_2_17_ppc64le.manylinux2014_ppc64le.whl", hash = "sha256:b2680962a4848b3c4f155dc2ee64505a9c57186d0d56b43123b17ca3de18f0fa"},
    {file = "charset_normalizer-3.4.2-cp37-cp37m-manylinux_2_17_s390x.manylinux2014_s390x.whl", hash = "sha256:36b31da18b8890a76ec181c3cf44326bf2c48e36d393ca1b72b3f484113ea344"},
    {file = "charset_normalizer-3.4.2-cp37-cp37m-manylinux_2_17_x86_64.manylinux2014_x86_64.whl", hash = "sha256:f4074c5a429281bf056ddd4c5d3b740ebca4d43ffffe2ef4bf4d2d05114299da"},
    {file = "charset_normalizer-3.4.2-cp37-cp37m-manylinux_2_5_i686.manylinux1_i686.manylinux_2_17_i686.manylinux2014_i686.whl", hash = "sha256:c9e36a97bee9b86ef9a1cf7bb96747eb7a15c2f22bdb5b516434b00f2a599f02"},
    {file = "charset_normalizer-3.4.2-cp37-cp37m-musllinux_1_2_aarch64.whl", hash = "sha256:1b1bde144d98e446b056ef98e59c256e9294f6b74d7af6846bf5ffdafd687a7d"},
    {file = "charset_normalizer-3.4.2-cp37-cp37m-musllinux_1_2_i686.whl", hash = "sha256:915f3849a011c1f593ab99092f3cecfcb4d65d8feb4a64cf1bf2d22074dc0ec4"},
    {file = "charset_normalizer-3.4.2-cp37-cp37m-musllinux_1_2_ppc64le.whl", hash = "sha256:fb707f3e15060adf5b7ada797624a6c6e0138e2a26baa089df64c68ee98e040f"},
    {file = "charset_normalizer-3.4.2-cp37-cp37m-musllinux_1_2_s390x.whl", hash = "sha256:25a23ea5c7edc53e0f29bae2c44fcb5a1aa10591aae107f2a2b2583a9c5cbc64"},
    {file = "charset_normalizer-3.4.2-cp37-cp37m-musllinux_1_2_x86_64.whl", hash = "sha256:770cab594ecf99ae64c236bc9ee3439c3f46be49796e265ce0cc8bc17b10294f"},
    {file = "charset_normalizer-3.4.2-cp37-cp37m-win32.whl", hash = "sha256:6a0289e4589e8bdfef02a80478f1dfcb14f0ab696b5a00e1f4b8a14a307a3c58"},
    {file = "charset_normalizer-3.4.2-cp37-cp37m-win_amd64.whl", hash = "sha256:6fc1f5b51fa4cecaa18f2bd7a003f3dd039dd615cd69a2afd6d3b19aed6775f2"},
    {file = "charset_normalizer-3.4.2-cp38-cp38-macosx_10_9_universal2.whl", hash = "sha256:76af085e67e56c8816c3ccf256ebd136def2ed9654525348cfa744b6802b69eb"},
    {file = "charset_normalizer-3.4.2-cp38-cp38-manylinux_2_17_aarch64.manylinux2014_aarch64.whl", hash = "sha256:e45ba65510e2647721e35323d6ef54c7974959f6081b58d4ef5d87c60c84919a"},
    {file = "charset_normalizer-3.4.2-cp38-cp38-manylinux_2_17_ppc64le.manylinux2014_ppc64le.whl", hash = "sha256:046595208aae0120559a67693ecc65dd75d46f7bf687f159127046628178dc45"},
    {file = "charset_normalizer-3.4.2-cp38-cp38-manylinux_2_17_s390x.manylinux2014_s390x.whl", hash = "sha256:75d10d37a47afee94919c4fab4c22b9bc2a8bf7d4f46f87363bcf0573f3ff4f5"},
    {file = "charset_normalizer-3.4.2-cp38-cp38-manylinux_2_17_x86_64.manylinux2014_x86_64.whl", hash = "sha256:6333b3aa5a12c26b2a4d4e7335a28f1475e0e5e17d69d55141ee3cab736f66d1"},
    {file = "charset_normalizer-3.4.2-cp38-cp38-manylinux_2_5_i686.manylinux1_i686.manylinux_2_17_i686.manylinux2014_i686.whl", hash = "sha256:e8323a9b031aa0393768b87f04b4164a40037fb2a3c11ac06a03ffecd3618027"},
    {file = "charset_normalizer-3.4.2-cp38-cp38-musllinux_1_2_aarch64.whl", hash = "sha256:24498ba8ed6c2e0b56d4acbf83f2d989720a93b41d712ebd4f4979660db4417b"},
    {file = "charset_normalizer-3.4.2-cp38-cp38-musllinux_1_2_i686.whl", hash = "sha256:844da2b5728b5ce0e32d863af26f32b5ce61bc4273a9c720a9f3aa9df73b1455"},
    {file = "charset_normalizer-3.4.2-cp38-cp38-musllinux_1_2_ppc64le.whl", hash = "sha256:65c981bdbd3f57670af8b59777cbfae75364b483fa8a9f420f08094531d54a01"},
    {file = "charset_normalizer-3.4.2-cp38-cp38-musllinux_1_2_s390x.whl", hash = "sha256:3c21d4fca343c805a52c0c78edc01e3477f6dd1ad7c47653241cf2a206d4fc58"},
    {file = "charset_normalizer-3.4.2-cp38-cp38-musllinux_1_2_x86_64.whl", hash = "sha256:dc7039885fa1baf9be153a0626e337aa7ec8bf96b0128605fb0d77788ddc1681"},
    {file = "charset_normalizer-3.4.2-cp38-cp38-win32.whl", hash = "sha256:8272b73e1c5603666618805fe821edba66892e2870058c94c53147602eab29c7"},
    {file = "charset_normalizer-3.4.2-cp38-cp38-win_amd64.whl", hash = "sha256:70f7172939fdf8790425ba31915bfbe8335030f05b9913d7ae00a87d4395620a"},
    {file = "charset_normalizer-3.4.2-cp39-cp39-macosx_10_9_universal2.whl", hash = "sha256:005fa3432484527f9732ebd315da8da8001593e2cf46a3d817669f062c3d9ed4"},
    {file = "charset_normalizer-3.4.2-cp39-cp39-manylinux_2_17_aarch64.manylinux2014_aarch64.whl", hash = "sha256:e92fca20c46e9f5e1bb485887d074918b13543b1c2a1185e69bb8d17ab6236a7"},
    {file = "charset_normalizer-3.4.2-cp39-cp39-manylinux_2_17_ppc64le.manylinux2014_ppc64le.whl", hash = "sha256:50bf98d5e563b83cc29471fa114366e6806bc06bc7a25fd59641e41445327836"},
    {file = "charset_normalizer-3.4.2-cp39-cp39-manylinux_2_17_s390x.manylinux2014_s390x.whl", hash = "sha256:721c76e84fe669be19c5791da68232ca2e05ba5185575086e384352e2c309597"},
    {file = "charset_normalizer-3.4.2-cp39-cp39-manylinux_2_17_x86_64.manylinux2014_x86_64.whl", hash = "sha256:82d8fd25b7f4675d0c47cf95b594d4e7b158aca33b76aa63d07186e13c0e0ab7"},
    {file = "charset_normalizer-3.4.2-cp39-cp39-manylinux_2_5_i686.manylinux1_i686.manylinux_2_17_i686.manylinux2014_i686.whl", hash = "sha256:b3daeac64d5b371dea99714f08ffc2c208522ec6b06fbc7866a450dd446f5c0f"},
    {file = "charset_normalizer-3.4.2-cp39-cp39-musllinux_1_2_aarch64.whl", hash = "sha256:dccab8d5fa1ef9bfba0590ecf4d46df048d18ffe3eec01eeb73a42e0d9e7a8ba"},
    {file = "charset_normalizer-3.4.2-cp39-cp39-musllinux_1_2_i686.whl", hash = "sha256:aaf27faa992bfee0264dc1f03f4c75e9fcdda66a519db6b957a3f826e285cf12"},
    {file = "charset_normalizer-3.4.2-cp39-cp39-musllinux_1_2_ppc64le.whl", hash = "sha256:eb30abc20df9ab0814b5a2524f23d75dcf83cde762c161917a2b4b7b55b1e518"},
    {file = "charset_normalizer-3.4.2-cp39-cp39-musllinux_1_2_s390x.whl", hash = "sha256:c72fbbe68c6f32f251bdc08b8611c7b3060612236e960ef848e0a517ddbe76c5"},
    {file = "charset_normalizer-3.4.2-cp39-cp39-musllinux_1_2_x86_64.whl", hash = "sha256:982bb1e8b4ffda883b3d0a521e23abcd6fd17418f6d2c4118d257a10199c0ce3"},
    {file = "charset_normalizer-3.4.2-cp39-cp39-win32.whl", hash = "sha256:43e0933a0eff183ee85833f341ec567c0980dae57c464d8a508e1b2ceb336471"},
    {file = "charset_normalizer-3.4.2-cp39-cp39-win_amd64.whl", hash = "sha256:d11b54acf878eef558599658b0ffca78138c8c3655cf4f3a4a673c437e67732e"},
    {file = "charset_normalizer-3.4.2-py3-none-any.whl", hash = "sha256:7f56930ab0abd1c45cd15be65cc741c28b1c9a34876ce8c17a2fa107810c0af0"},
    {file = "charset_normalizer-3.4.2.tar.gz", hash = "sha256:5baececa9ecba31eff645232d59845c07aa030f0c81ee70184a90d35099a0e63"},
]

[[package]]
name = "coverage"
version = "7.9.1"
description = "Code coverage measurement for Python"
optional = false
python-versions = ">=3.9"
groups = ["dev"]
files = [
    {file = "coverage-7.9.1-cp310-cp310-macosx_10_9_x86_64.whl", hash = "sha256:cc94d7c5e8423920787c33d811c0be67b7be83c705f001f7180c7b186dcf10ca"},
    {file = "coverage-7.9.1-cp310-cp310-macosx_11_0_arm64.whl", hash = "sha256:16aa0830d0c08a2c40c264cef801db8bc4fc0e1892782e45bcacbd5889270509"},
    {file = "coverage-7.9.1-cp310-cp310-manylinux_2_17_aarch64.manylinux2014_aarch64.whl", hash = "sha256:cf95981b126f23db63e9dbe4cf65bd71f9a6305696fa5e2262693bc4e2183f5b"},
    {file = "coverage-7.9.1-cp310-cp310-manylinux_2_5_i686.manylinux1_i686.manylinux_2_17_i686.manylinux2014_i686.whl", hash = "sha256:f05031cf21699785cd47cb7485f67df619e7bcdae38e0fde40d23d3d0210d3c3"},
    {file = "coverage-7.9.1-cp310-cp310-manylinux_2_5_x86_64.manylinux1_x86_64.manylinux_2_17_x86_64.manylinux2014_x86_64.whl", hash = "sha256:bb4fbcab8764dc072cb651a4bcda4d11fb5658a1d8d68842a862a6610bd8cfa3"},
    {file = "coverage-7.9.1-cp310-cp310-musllinux_1_2_aarch64.whl", hash = "sha256:0f16649a7330ec307942ed27d06ee7e7a38417144620bb3d6e9a18ded8a2d3e5"},
    {file = "coverage-7.9.1-cp310-cp310-musllinux_1_2_i686.whl", hash = "sha256:cea0a27a89e6432705fffc178064503508e3c0184b4f061700e771a09de58187"},
    {file = "coverage-7.9.1-cp310-cp310-musllinux_1_2_x86_64.whl", hash = "sha256:e980b53a959fa53b6f05343afbd1e6f44a23ed6c23c4b4c56c6662bbb40c82ce"},
    {file = "coverage-7.9.1-cp310-cp310-win32.whl", hash = "sha256:70760b4c5560be6ca70d11f8988ee6542b003f982b32f83d5ac0b72476607b70"},
    {file = "coverage-7.9.1-cp310-cp310-win_amd64.whl", hash = "sha256:a66e8f628b71f78c0e0342003d53b53101ba4e00ea8dabb799d9dba0abbbcebe"},
    {file = "coverage-7.9.1-cp311-cp311-macosx_10_9_x86_64.whl", hash = "sha256:95c765060e65c692da2d2f51a9499c5e9f5cf5453aeaf1420e3fc847cc060582"},
    {file = "coverage-7.9.1-cp311-cp311-macosx_11_0_arm64.whl", hash = "sha256:ba383dc6afd5ec5b7a0d0c23d38895db0e15bcba7fb0fa8901f245267ac30d86"},
    {file = "coverage-7.9.1-cp311-cp311-manylinux_2_17_aarch64.manylinux2014_aarch64.whl", hash = "sha256:37ae0383f13cbdcf1e5e7014489b0d71cc0106458878ccde52e8a12ced4298ed"},
    {file = "coverage-7.9.1-cp311-cp311-manylinux_2_5_i686.manylinux1_i686.manylinux_2_17_i686.manylinux2014_i686.whl", hash = "sha256:69aa417a030bf11ec46149636314c24c8d60fadb12fc0ee8f10fda0d918c879d"},
    {file = "coverage-7.9.1-cp311-cp311-manylinux_2_5_x86_64.manylinux1_x86_64.manylinux_2_17_x86_64.manylinux2014_x86_64.whl", hash = "sha256:0a4be2a28656afe279b34d4f91c3e26eccf2f85500d4a4ff0b1f8b54bf807338"},
    {file = "coverage-7.9.1-cp311-cp311-musllinux_1_2_aarch64.whl", hash = "sha256:382e7ddd5289f140259b610e5f5c58f713d025cb2f66d0eb17e68d0a94278875"},
    {file = "coverage-7.9.1-cp311-cp311-musllinux_1_2_i686.whl", hash = "sha256:e5532482344186c543c37bfad0ee6069e8ae4fc38d073b8bc836fc8f03c9e250"},
    {file = "coverage-7.9.1-cp311-cp311-musllinux_1_2_x86_64.whl", hash = "sha256:a39d18b3f50cc121d0ce3838d32d58bd1d15dab89c910358ebefc3665712256c"},
    {file = "coverage-7.9.1-cp311-cp311-win32.whl", hash = "sha256:dd24bd8d77c98557880def750782df77ab2b6885a18483dc8588792247174b32"},
    {file = "coverage-7.9.1-cp311-cp311-win_amd64.whl", hash = "sha256:6b55ad10a35a21b8015eabddc9ba31eb590f54adc9cd39bcf09ff5349fd52125"},
    {file = "coverage-7.9.1-cp311-cp311-win_arm64.whl", hash = "sha256:6ad935f0016be24c0e97fc8c40c465f9c4b85cbbe6eac48934c0dc4d2568321e"},
    {file = "coverage-7.9.1-cp312-cp312-macosx_10_13_x86_64.whl", hash = "sha256:a8de12b4b87c20de895f10567639c0797b621b22897b0af3ce4b4e204a743626"},
    {file = "coverage-7.9.1-cp312-cp312-macosx_11_0_arm64.whl", hash = "sha256:5add197315a054e92cee1b5f686a2bcba60c4c3e66ee3de77ace6c867bdee7cb"},
    {file = "coverage-7.9.1-cp312-cp312-manylinux_2_17_aarch64.manylinux2014_aarch64.whl", hash = "sha256:600a1d4106fe66f41e5d0136dfbc68fe7200a5cbe85610ddf094f8f22e1b0300"},
    {file = "coverage-7.9.1-cp312-cp312-manylinux_2_5_i686.manylinux1_i686.manylinux_2_17_i686.manylinux2014_i686.whl", hash = "sha256:2a876e4c3e5a2a1715a6608906aa5a2e0475b9c0f68343c2ada98110512ab1d8"},
    {file = "coverage-7.9.1-cp312-cp312-manylinux_2_5_x86_64.manylinux1_x86_64.manylinux_2_17_x86_64.manylinux2014_x86_64.whl", hash = "sha256:81f34346dd63010453922c8e628a52ea2d2ccd73cb2487f7700ac531b247c8a5"},
    {file = "coverage-7.9.1-cp312-cp312-musllinux_1_2_aarch64.whl", hash = "sha256:888f8eee13f2377ce86d44f338968eedec3291876b0b8a7289247ba52cb984cd"},
    {file = "coverage-7.9.1-cp312-cp312-musllinux_1_2_i686.whl", hash = "sha256:9969ef1e69b8c8e1e70d591f91bbc37fc9a3621e447525d1602801a24ceda898"},
    {file = "coverage-7.9.1-cp312-cp312-musllinux_1_2_x86_64.whl", hash = "sha256:60c458224331ee3f1a5b472773e4a085cc27a86a0b48205409d364272d67140d"},
    {file = "coverage-7.9.1-cp312-cp312-win32.whl", hash = "sha256:5f646a99a8c2b3ff4c6a6e081f78fad0dde275cd59f8f49dc4eab2e394332e74"},
    {file = "coverage-7.9.1-cp312-cp312-win_amd64.whl", hash = "sha256:30f445f85c353090b83e552dcbbdad3ec84c7967e108c3ae54556ca69955563e"},
    {file = "coverage-7.9.1-cp312-cp312-win_arm64.whl", hash = "sha256:af41da5dca398d3474129c58cb2b106a5d93bbb196be0d307ac82311ca234342"},
    {file = "coverage-7.9.1-cp313-cp313-macosx_10_13_x86_64.whl", hash = "sha256:31324f18d5969feef7344a932c32428a2d1a3e50b15a6404e97cba1cc9b2c631"},
    {file = "coverage-7.9.1-cp313-cp313-macosx_11_0_arm64.whl", hash = "sha256:0c804506d624e8a20fb3108764c52e0eef664e29d21692afa375e0dd98dc384f"},
    {file = "coverage-7.9.1-cp313-cp313-manylinux_2_17_aarch64.manylinux2014_aarch64.whl", hash = "sha256:ef64c27bc40189f36fcc50c3fb8f16ccda73b6a0b80d9bd6e6ce4cffcd810bbd"},
    {file = "coverage-7.9.1-cp313-cp313-manylinux_2_5_i686.manylinux1_i686.manylinux_2_17_i686.manylinux2014_i686.whl", hash = "sha256:d4fe2348cc6ec372e25adec0219ee2334a68d2f5222e0cba9c0d613394e12d86"},
    {file = "coverage-7.9.1-cp313-cp313-manylinux_2_5_x86_64.manylinux1_x86_64.manylinux_2_17_x86_64.manylinux2014_x86_64.whl", hash = "sha256:34ed2186fe52fcc24d4561041979a0dec69adae7bce2ae8d1c49eace13e55c43"},
    {file = "coverage-7.9.1-cp313-cp313-musllinux_1_2_aarch64.whl", hash = "sha256:25308bd3d00d5eedd5ae7d4357161f4df743e3c0240fa773ee1b0f75e6c7c0f1"},
    {file = "coverage-7.9.1-cp313-cp313-musllinux_1_2_i686.whl", hash = "sha256:73e9439310f65d55a5a1e0564b48e34f5369bee943d72c88378f2d576f5a5751"},
    {file = "coverage-7.9.1-cp313-cp313-musllinux_1_2_x86_64.whl", hash = "sha256:37ab6be0859141b53aa89412a82454b482c81cf750de4f29223d52268a86de67"},
    {file = "coverage-7.9.1-cp313-cp313-win32.whl", hash = "sha256:64bdd969456e2d02a8b08aa047a92d269c7ac1f47e0c977675d550c9a0863643"},
    {file = "coverage-7.9.1-cp313-cp313-win_amd64.whl", hash = "sha256:be9e3f68ca9edb897c2184ad0eee815c635565dbe7a0e7e814dc1f7cbab92c0a"},
    {file = "coverage-7.9.1-cp313-cp313-win_arm64.whl", hash = "sha256:1c503289ffef1d5105d91bbb4d62cbe4b14bec4d13ca225f9c73cde9bb46207d"},
    {file = "coverage-7.9.1-cp313-cp313t-macosx_10_13_x86_64.whl", hash = "sha256:0b3496922cb5f4215bf5caaef4cf12364a26b0be82e9ed6d050f3352cf2d7ef0"},
    {file = "coverage-7.9.1-cp313-cp313t-macosx_11_0_arm64.whl", hash = "sha256:9565c3ab1c93310569ec0d86b017f128f027cab0b622b7af288696d7ed43a16d"},
    {file = "coverage-7.9.1-cp313-cp313t-manylinux_2_17_aarch64.manylinux2014_aarch64.whl", hash = "sha256:2241ad5dbf79ae1d9c08fe52b36d03ca122fb9ac6bca0f34439e99f8327ac89f"},
    {file = "coverage-7.9.1-cp313-cp313t-manylinux_2_5_i686.manylinux1_i686.manylinux_2_17_i686.manylinux2014_i686.whl", hash = "sha256:3bb5838701ca68b10ebc0937dbd0eb81974bac54447c55cd58dea5bca8451029"},
    {file = "coverage-7.9.1-cp313-cp313t-manylinux_2_5_x86_64.manylinux1_x86_64.manylinux_2_17_x86_64.manylinux2014_x86_64.whl", hash = "sha256:b30a25f814591a8c0c5372c11ac8967f669b97444c47fd794926e175c4047ece"},
    {file = "coverage-7.9.1-cp313-cp313t-musllinux_1_2_aarch64.whl", hash = "sha256:2d04b16a6062516df97969f1ae7efd0de9c31eb6ebdceaa0d213b21c0ca1a683"},
    {file = "coverage-7.9.1-cp313-cp313t-musllinux_1_2_i686.whl", hash = "sha256:7931b9e249edefb07cd6ae10c702788546341d5fe44db5b6108a25da4dca513f"},
    {file = "coverage-7.9.1-cp313-cp313t-musllinux_1_2_x86_64.whl", hash = "sha256:52e92b01041151bf607ee858e5a56c62d4b70f4dac85b8c8cb7fb8a351ab2c10"},
    {file = "coverage-7.9.1-cp313-cp313t-win32.whl", hash = "sha256:684e2110ed84fd1ca5f40e89aa44adf1729dc85444004111aa01866507adf363"},
    {file = "coverage-7.9.1-cp313-cp313t-win_amd64.whl", hash = "sha256:437c576979e4db840539674e68c84b3cda82bc824dd138d56bead1435f1cb5d7"},
    {file = "coverage-7.9.1-cp313-cp313t-win_arm64.whl", hash = "sha256:18a0912944d70aaf5f399e350445738a1a20b50fbea788f640751c2ed9208b6c"},
    {file = "coverage-7.9.1-cp39-cp39-macosx_10_9_x86_64.whl", hash = "sha256:6f424507f57878e424d9a95dc4ead3fbdd72fd201e404e861e465f28ea469951"},
    {file = "coverage-7.9.1-cp39-cp39-macosx_11_0_arm64.whl", hash = "sha256:535fde4001b2783ac80865d90e7cc7798b6b126f4cd8a8c54acfe76804e54e58"},
    {file = "coverage-7.9.1-cp39-cp39-manylinux_2_17_aarch64.manylinux2014_aarch64.whl", hash = "sha256:02532fd3290bb8fa6bec876520842428e2a6ed6c27014eca81b031c2d30e3f71"},
    {file = "coverage-7.9.1-cp39-cp39-manylinux_2_5_i686.manylinux1_i686.manylinux_2_17_i686.manylinux2014_i686.whl", hash = "sha256:56f5eb308b17bca3bbff810f55ee26d51926d9f89ba92707ee41d3c061257e55"},
    {file = "coverage-7.9.1-cp39-cp39-manylinux_2_5_x86_64.manylinux1_x86_64.manylinux_2_17_x86_64.manylinux2014_x86_64.whl", hash = "sha256:bfa447506c1a52271f1b0de3f42ea0fa14676052549095e378d5bff1c505ff7b"},
    {file = "coverage-7.9.1-cp39-cp39-musllinux_1_2_aarch64.whl", hash = "sha256:9ca8e220006966b4a7b68e8984a6aee645a0384b0769e829ba60281fe61ec4f7"},
    {file = "coverage-7.9.1-cp39-cp39-musllinux_1_2_i686.whl", hash = "sha256:49f1d0788ba5b7ba65933f3a18864117c6506619f5ca80326b478f72acf3f385"},
    {file = "coverage-7.9.1-cp39-cp39-musllinux_1_2_x86_64.whl", hash = "sha256:68cd53aec6f45b8e4724c0950ce86eacb775c6be01ce6e3669fe4f3a21e768ed"},
    {file = "coverage-7.9.1-cp39-cp39-win32.whl", hash = "sha256:95335095b6c7b1cc14c3f3f17d5452ce677e8490d101698562b2ffcacc304c8d"},
    {file = "coverage-7.9.1-cp39-cp39-win_amd64.whl", hash = "sha256:e1b5191d1648acc439b24721caab2fd0c86679d8549ed2c84d5a7ec1bedcc244"},
    {file = "coverage-7.9.1-pp39.pp310.pp311-none-any.whl", hash = "sha256:db0f04118d1db74db6c9e1cb1898532c7dcc220f1d2718f058601f7c3f499514"},
    {file = "coverage-7.9.1-py3-none-any.whl", hash = "sha256:66b974b145aa189516b6bf2d8423e888b742517d37872f6ee4c5be0073bd9a3c"},
    {file = "coverage-7.9.1.tar.gz", hash = "sha256:6cf43c78c4282708a28e466316935ec7489a9c487518a77fa68f716c67909cec"},
]

[package.extras]
toml = ["tomli ; python_full_version <= \"3.11.0a6\""]

[[package]]
name = "flake8"
version = "7.2.0"
description = "the modular source code checker: pep8 pyflakes and co"
optional = false
python-versions = ">=3.9"
groups = ["dev"]
files = [
    {file = "flake8-7.2.0-py2.py3-none-any.whl", hash = "sha256:93b92ba5bdb60754a6da14fa3b93a9361fd00a59632ada61fd7b130436c40343"},
    {file = "flake8-7.2.0.tar.gz", hash = "sha256:fa558ae3f6f7dbf2b4f22663e5343b6b6023620461f8d4ff2019ef4b5ee70426"},
]

[package.dependencies]
mccabe = ">=0.7.0,<0.8.0"
pycodestyle = ">=2.13.0,<2.14.0"
pyflakes = ">=3.3.0,<3.4.0"

[[package]]
name = "idna"
version = "3.10"
description = "Internationalized Domain Names in Applications (IDNA)"
optional = false
python-versions = ">=3.6"
groups = ["main"]
files = [
    {file = "idna-3.10-py3-none-any.whl", hash = "sha256:946d195a0d259cbba61165e88e65941f16e9b36ea6ddb97f00452bae8b1287d3"},
    {file = "idna-3.10.tar.gz", hash = "sha256:12f65c9b470abda6dc35cf8e63cc574b1c52b11df2c86030af0ac09b01b13ea9"},
]

[package.extras]
all = ["flake8 (>=7.1.1)", "mypy (>=1.11.2)", "pytest (>=8.3.2)", "ruff (>=0.6.2)"]

[[package]]
name = "mccabe"
version = "0.7.0"
description = "McCabe checker, plugin for flake8"
optional = false
python-versions = ">=3.6"
groups = ["dev"]
files = [
    {file = "mccabe-0.7.0-py2.py3-none-any.whl", hash = "sha256:6c2d30ab6be0e4a46919781807b4f0d834ebdd6c6e3dca0bda5a15f863427b6e"},
    {file = "mccabe-0.7.0.tar.gz", hash = "sha256:348e0240c33b60bbdf4e523192ef919f28cb2c3d7d5c7794f74009290f236325"},
]

[[package]]
name = "psycopg"
version = "3.2.9"
description = "PostgreSQL database adapter for Python"
optional = false
python-versions = ">=3.8"
groups = ["main"]
files = [
    {file = "psycopg-3.2.9-py3-none-any.whl", hash = "sha256:01a8dadccdaac2123c916208c96e06631641c0566b22005493f09663c7a8d3b6"},
    {file = "psycopg-3.2.9.tar.gz", hash = "sha256:2fbb46fcd17bc81f993f28c47f1ebea38d66ae97cc2dbc3cad73b37cefbff700"},
]

[package.dependencies]
psycopg-binary = {version = "3.2.9", optional = true, markers = "implementation_name != \"pypy\" and extra == \"binary\""}
tzdata = {version = "*", markers = "sys_platform == \"win32\""}

[package.extras]
binary = ["psycopg-binary (==3.2.9) ; implementation_name != \"pypy\""]
c = ["psycopg-c (==3.2.9) ; implementation_name != \"pypy\""]
dev = ["ast-comments (>=1.1.2)", "black (>=24.1.0)", "codespell (>=2.2)", "dnspython (>=2.1)", "flake8 (>=4.0)", "isort-psycopg", "isort[colors] (>=6.0)", "mypy (>=1.14)", "pre-commit (>=4.0.1)", "types-setuptools (>=57.4)", "types-shapely (>=2.0)", "wheel (>=0.37)"]
docs = ["Sphinx (>=5.0)", "furo (==2022.6.21)", "sphinx-autobuild (>=2021.3.14)", "sphinx-autodoc-typehints (>=1.12)"]
pool = ["psycopg-pool"]
test = ["anyio (>=4.0)", "mypy (>=1.14)", "pproxy (>=2.7)", "pytest (>=6.2.5)", "pytest-cov (>=3.0)", "pytest-randomly (>=3.5)"]

[[package]]
name = "psycopg-binary"
version = "3.2.9"
description = "PostgreSQL database adapter for Python -- C optimisation distribution"
optional = false
python-versions = ">=3.8"
groups = ["main"]
markers = "implementation_name != \"pypy\""
files = [
    {file = "psycopg_binary-3.2.9-cp310-cp310-macosx_10_9_x86_64.whl", hash = "sha256:528239bbf55728ba0eacbd20632342867590273a9bacedac7538ebff890f1093"},
    {file = "psycopg_binary-3.2.9-cp310-cp310-macosx_11_0_arm64.whl", hash = "sha256:e4978c01ca4c208c9d6376bd585e2c0771986b76ff7ea518f6d2b51faece75e8"},
    {file = "psycopg_binary-3.2.9-cp310-cp310-manylinux_2_17_aarch64.manylinux2014_aarch64.whl", hash = "sha256:1ed2bab85b505d13e66a914d0f8cdfa9475c16d3491cf81394e0748b77729af2"},
    {file = "psycopg_binary-3.2.9-cp310-cp310-manylinux_2_17_i686.manylinux2014_i686.whl", hash = "sha256:799fa1179ab8a58d1557a95df28b492874c8f4135101b55133ec9c55fc9ae9d7"},
    {file = "psycopg_binary-3.2.9-cp310-cp310-manylinux_2_17_ppc64le.manylinux2014_ppc64le.whl", hash = "sha256:bb37ac3955d19e4996c3534abfa4f23181333974963826db9e0f00731274b695"},
    {file = "psycopg_binary-3.2.9-cp310-cp310-manylinux_2_17_x86_64.manylinux2014_x86_64.whl", hash = "sha256:001e986656f7e06c273dd4104e27f4b4e0614092e544d950c7c938d822b1a894"},
    {file = "psycopg_binary-3.2.9-cp310-cp310-musllinux_1_2_aarch64.whl", hash = "sha256:fa5c80d8b4cbf23f338db88a7251cef8bb4b68e0f91cf8b6ddfa93884fdbb0c1"},
    {file = "psycopg_binary-3.2.9-cp310-cp310-musllinux_1_2_i686.whl", hash = "sha256:39a127e0cf9b55bd4734a8008adf3e01d1fd1cb36339c6a9e2b2cbb6007c50ee"},
    {file = "psycopg_binary-3.2.9-cp310-cp310-musllinux_1_2_ppc64le.whl", hash = "sha256:fb7599e436b586e265bea956751453ad32eb98be6a6e694252f4691c31b16edb"},
    {file = "psycopg_binary-3.2.9-cp310-cp310-musllinux_1_2_x86_64.whl", hash = "sha256:5d2c9fe14fe42b3575a0b4e09b081713e83b762c8dc38a3771dd3265f8f110e7"},
    {file = "psycopg_binary-3.2.9-cp310-cp310-win_amd64.whl", hash = "sha256:7e4660fad2807612bb200de7262c88773c3483e85d981324b3c647176e41fdc8"},
    {file = "psycopg_binary-3.2.9-cp311-cp311-macosx_10_9_x86_64.whl", hash = "sha256:2504e9fd94eabe545d20cddcc2ff0da86ee55d76329e1ab92ecfcc6c0a8156c4"},
    {file = "psycopg_binary-3.2.9-cp311-cp311-macosx_11_0_arm64.whl", hash = "sha256:093a0c079dd6228a7f3c3d82b906b41964eaa062a9a8c19f45ab4984bf4e872b"},
    {file = "psycopg_binary-3.2.9-cp311-cp311-manylinux_2_17_aarch64.manylinux2014_aarch64.whl", hash = "sha256:387c87b51d72442708e7a853e7e7642717e704d59571da2f3b29e748be58c78a"},
    {file = "psycopg_binary-3.2.9-cp311-cp311-manylinux_2_17_i686.manylinux2014_i686.whl", hash = "sha256:d9ac10a2ebe93a102a326415b330fff7512f01a9401406896e78a81d75d6eddc"},
    {file = "psycopg_binary-3.2.9-cp311-cp311-manylinux_2_17_ppc64le.manylinux2014_ppc64le.whl", hash = "sha256:72fdbda5b4c2a6a72320857ef503a6589f56d46821592d4377c8c8604810342b"},
    {file = "psycopg_binary-3.2.9-cp311-cp311-manylinux_2_17_x86_64.manylinux2014_x86_64.whl", hash = "sha256:f34e88940833d46108f949fdc1fcfb74d6b5ae076550cd67ab59ef47555dba95"},
    {file = "psycopg_binary-3.2.9-cp311-cp311-musllinux_1_2_aarch64.whl", hash = "sha256:a3e0f89fe35cb03ff1646ab663dabf496477bab2a072315192dbaa6928862891"},
    {file = "psycopg_binary-3.2.9-cp311-cp311-musllinux_1_2_i686.whl", hash = "sha256:6afb3e62f2a3456f2180a4eef6b03177788df7ce938036ff7f09b696d418d186"},
    {file = "psycopg_binary-3.2.9-cp311-cp311-musllinux_1_2_ppc64le.whl", hash = "sha256:cc19ed5c7afca3f6b298bfc35a6baa27adb2019670d15c32d0bb8f780f7d560d"},
    {file = "psycopg_binary-3.2.9-cp311-cp311-musllinux_1_2_x86_64.whl", hash = "sha256:bc75f63653ce4ec764c8f8c8b0ad9423e23021e1c34a84eb5f4ecac8538a4a4a"},
    {file = "psycopg_binary-3.2.9-cp311-cp311-win_amd64.whl", hash = "sha256:3db3ba3c470801e94836ad78bf11fd5fab22e71b0c77343a1ee95d693879937a"},
    {file = "psycopg_binary-3.2.9-cp312-cp312-macosx_10_13_x86_64.whl", hash = "sha256:be7d650a434921a6b1ebe3fff324dbc2364393eb29d7672e638ce3e21076974e"},
    {file = "psycopg_binary-3.2.9-cp312-cp312-macosx_11_0_arm64.whl", hash = "sha256:6a76b4722a529390683c0304501f238b365a46b1e5fb6b7249dbc0ad6fea51a0"},
    {file = "psycopg_binary-3.2.9-cp312-cp312-manylinux_2_17_aarch64.manylinux2014_aarch64.whl", hash = "sha256:96a551e4683f1c307cfc3d9a05fec62c00a7264f320c9962a67a543e3ce0d8ff"},
    {file = "psycopg_binary-3.2.9-cp312-cp312-manylinux_2_17_i686.manylinux2014_i686.whl", hash = "sha256:61d0a6ceed8f08c75a395bc28cb648a81cf8dee75ba4650093ad1a24a51c8724"},
    {file = "psycopg_binary-3.2.9-cp312-cp312-manylinux_2_17_ppc64le.manylinux2014_ppc64le.whl", hash = "sha256:ad280bbd409bf598683dda82232f5215cfc5f2b1bf0854e409b4d0c44a113b1d"},
    {file = "psycopg_binary-3.2.9-cp312-cp312-manylinux_2_17_x86_64.manylinux2014_x86_64.whl", hash = "sha256:76eddaf7fef1d0994e3d536ad48aa75034663d3a07f6f7e3e601105ae73aeff6"},
    {file = "psycopg_binary-3.2.9-cp312-cp312-musllinux_1_2_aarch64.whl", hash = "sha256:52e239cd66c4158e412318fbe028cd94b0ef21b0707f56dcb4bdc250ee58fd40"},
    {file = "psycopg_binary-3.2.9-cp312-cp312-musllinux_1_2_i686.whl", hash = "sha256:08bf9d5eabba160dd4f6ad247cf12f229cc19d2458511cab2eb9647f42fa6795"},
    {file = "psycopg_binary-3.2.9-cp312-cp312-musllinux_1_2_ppc64le.whl", hash = "sha256:1b2cf018168cad87580e67bdde38ff5e51511112f1ce6ce9a8336871f465c19a"},
    {file = "psycopg_binary-3.2.9-cp312-cp312-musllinux_1_2_x86_64.whl", hash = "sha256:14f64d1ac6942ff089fc7e926440f7a5ced062e2ed0949d7d2d680dc5c00e2d4"},
    {file = "psycopg_binary-3.2.9-cp312-cp312-win_amd64.whl", hash = "sha256:7a838852e5afb6b4126f93eb409516a8c02a49b788f4df8b6469a40c2157fa21"},
    {file = "psycopg_binary-3.2.9-cp313-cp313-macosx_10_13_x86_64.whl", hash = "sha256:98bbe35b5ad24a782c7bf267596638d78aa0e87abc7837bdac5b2a2ab954179e"},
    {file = "psycopg_binary-3.2.9-cp313-cp313-macosx_11_0_arm64.whl", hash = "sha256:72691a1615ebb42da8b636c5ca9f2b71f266be9e172f66209a361c175b7842c5"},
    {file = "psycopg_binary-3.2.9-cp313-cp313-manylinux_2_17_aarch64.manylinux2014_aarch64.whl", hash = "sha256:25ab464bfba8c401f5536d5aa95f0ca1dd8257b5202eede04019b4415f491351"},
    {file = "psycopg_binary-3.2.9-cp313-cp313-manylinux_2_17_i686.manylinux2014_i686.whl", hash = "sha256:0e8aeefebe752f46e3c4b769e53f1d4ad71208fe1150975ef7662c22cca80fab"},
    {file = "psycopg_binary-3.2.9-cp313-cp313-manylinux_2_17_ppc64le.manylinux2014_ppc64le.whl", hash = "sha256:b7e4e4dd177a8665c9ce86bc9caae2ab3aa9360b7ce7ec01827ea1baea9ff748"},
    {file = "psycopg_binary-3.2.9-cp313-cp313-manylinux_2_17_x86_64.manylinux2014_x86_64.whl", hash = "sha256:7fc2915949e5c1ea27a851f7a472a7da7d0a40d679f0a31e42f1022f3c562e87"},
    {file = "psycopg_binary-3.2.9-cp313-cp313-musllinux_1_2_aarch64.whl", hash = "sha256:a1fa38a4687b14f517f049477178093c39c2a10fdcced21116f47c017516498f"},
    {file = "psycopg_binary-3.2.9-cp313-cp313-musllinux_1_2_i686.whl", hash = "sha256:5be8292d07a3ab828dc95b5ee6b69ca0a5b2e579a577b39671f4f5b47116dfd2"},
    {file = "psycopg_binary-3.2.9-cp313-cp313-musllinux_1_2_ppc64le.whl", hash = "sha256:778588ca9897b6c6bab39b0d3034efff4c5438f5e3bd52fda3914175498202f9"},
    {file = "psycopg_binary-3.2.9-cp313-cp313-musllinux_1_2_x86_64.whl", hash = "sha256:f0d5b3af045a187aedbd7ed5fc513bd933a97aaff78e61c3745b330792c4345b"},
    {file = "psycopg_binary-3.2.9-cp313-cp313-win_amd64.whl", hash = "sha256:2290bc146a1b6a9730350f695e8b670e1d1feb8446597bed0bbe7c3c30e0abcb"},
    {file = "psycopg_binary-3.2.9-cp38-cp38-macosx_10_9_x86_64.whl", hash = "sha256:4df22ec17390ec5ccb38d211fb251d138d37a43344492858cea24de8efa15003"},
    {file = "psycopg_binary-3.2.9-cp38-cp38-manylinux_2_17_aarch64.manylinux2014_aarch64.whl", hash = "sha256:eac3a6e926421e976c1c2653624e1294f162dc67ac55f9addbe8f7b8d08ce603"},
    {file = "psycopg_binary-3.2.9-cp38-cp38-manylinux_2_17_i686.manylinux2014_i686.whl", hash = "sha256:cf789be42aea5752ee396d58de0538d5fcb76795c85fb03ab23620293fb81b6f"},
    {file = "psycopg_binary-3.2.9-cp38-cp38-manylinux_2_17_ppc64le.manylinux2014_ppc64le.whl", hash = "sha256:e0f05b9dafa5670a7503abc715af081dbbb176a8e6770de77bccaeb9024206c5"},
    {file = "psycopg_binary-3.2.9-cp38-cp38-manylinux_2_17_x86_64.manylinux2014_x86_64.whl", hash = "sha256:b2d7a6646d41228e9049978be1f3f838b557a1bde500b919906d54c4390f5086"},
    {file = "psycopg_binary-3.2.9-cp38-cp38-musllinux_1_2_aarch64.whl", hash = "sha256:a4d76e28df27ce25dc19583407f5c6c6c2ba33b443329331ab29b6ef94c8736d"},
    {file = "psycopg_binary-3.2.9-cp38-cp38-musllinux_1_2_i686.whl", hash = "sha256:418f52b77b715b42e8ec43ee61ca74abc6765a20db11e8576e7f6586488a266f"},
    {file = "psycopg_binary-3.2.9-cp38-cp38-musllinux_1_2_ppc64le.whl", hash = "sha256:1f1736d5b21f69feefeef8a75e8d3bf1f0a1e17c165a7488c3111af9d6936e91"},
    {file = "psycopg_binary-3.2.9-cp38-cp38-musllinux_1_2_x86_64.whl", hash = "sha256:5918c0fab50df764812f3ca287f0d716c5c10bedde93d4da2cefc9d40d03f3aa"},
    {file = "psycopg_binary-3.2.9-cp38-cp38-win_amd64.whl", hash = "sha256:7b617b81f08ad8def5edd110de44fd6d326f969240cc940c6f6b3ef21fe9c59f"},
    {file = "psycopg_binary-3.2.9-cp39-cp39-macosx_10_9_x86_64.whl", hash = "sha256:587a3f19954d687a14e0c8202628844db692dbf00bba0e6d006659bf1ca91cbe"},
    {file = "psycopg_binary-3.2.9-cp39-cp39-macosx_11_0_arm64.whl", hash = "sha256:791759138380df21d356ff991265fde7fe5997b0c924a502847a9f9141e68786"},
    {file = "psycopg_binary-3.2.9-cp39-cp39-manylinux_2_17_aarch64.manylinux2014_aarch64.whl", hash = "sha256:95315b8c8ddfa2fdcb7fe3ddea8a595c1364524f512160c604e3be368be9dd07"},
    {file = "psycopg_binary-3.2.9-cp39-cp39-manylinux_2_17_i686.manylinux2014_i686.whl", hash = "sha256:18ac08475c9b971237fcc395b0a6ee4e8580bb5cf6247bc9b8461644bef5d9f4"},
    {file = "psycopg_binary-3.2.9-cp39-cp39-manylinux_2_17_ppc64le.manylinux2014_ppc64le.whl", hash = "sha256:ac2c04b6345e215e65ca6aef5c05cc689a960b16674eaa1f90a8f86dfaee8c04"},
    {file = "psycopg_binary-3.2.9-cp39-cp39-manylinux_2_17_x86_64.manylinux2014_x86_64.whl", hash = "sha256:4c1ab25e3134774f1e476d4bb9050cdec25f10802e63e92153906ae934578734"},
    {file = "psycopg_binary-3.2.9-cp39-cp39-musllinux_1_2_aarch64.whl", hash = "sha256:4bfec4a73e8447d8fe8854886ffa78df2b1c279a7592241c2eb393d4499a17e2"},
    {file = "psycopg_binary-3.2.9-cp39-cp39-musllinux_1_2_i686.whl", hash = "sha256:166acc57af5d2ff0c0c342aed02e69a0cd5ff216cae8820c1059a6f3b7cf5f78"},
    {file = "psycopg_binary-3.2.9-cp39-cp39-musllinux_1_2_ppc64le.whl", hash = "sha256:413f9e46259fe26d99461af8e1a2b4795a4e27cc8ac6f7919ec19bcee8945074"},
    {file = "psycopg_binary-3.2.9-cp39-cp39-musllinux_1_2_x86_64.whl", hash = "sha256:354dea21137a316b6868ee41c2ae7cce001e104760cf4eab3ec85627aed9b6cd"},
    {file = "psycopg_binary-3.2.9-cp39-cp39-win_amd64.whl", hash = "sha256:24ddb03c1ccfe12d000d950c9aba93a7297993c4e3905d9f2c9795bb0764d523"},
]

[[package]]
name = "pycodestyle"
version = "2.13.0"
description = "Python style guide checker"
optional = false
python-versions = ">=3.9"
groups = ["dev"]
files = [
    {file = "pycodestyle-2.13.0-py2.py3-none-any.whl", hash = "sha256:35863c5974a271c7a726ed228a14a4f6daf49df369d8c50cd9a6f58a5e143ba9"},
    {file = "pycodestyle-2.13.0.tar.gz", hash = "sha256:c8415bf09abe81d9c7f872502a6eee881fbe85d8763dd5b9924bb0a01d67efae"},
]

[[package]]
name = "pyflakes"
version = "3.3.2"
description = "passive checker of Python programs"
optional = false
python-versions = ">=3.9"
groups = ["dev"]
files = [
    {file = "pyflakes-3.3.2-py2.py3-none-any.whl", hash = "sha256:5039c8339cbb1944045f4ee5466908906180f13cc99cc9949348d10f82a5c32a"},
    {file = "pyflakes-3.3.2.tar.gz", hash = "sha256:6dfd61d87b97fba5dcfaaf781171ac16be16453be6d816147989e7f6e6a9576b"},
]

[[package]]
name = "requests"
version = "2.32.4"
description = "Python HTTP for Humans."
optional = false
python-versions = ">=3.8"
groups = ["main"]
files = [
    {file = "requests-2.32.4-py3-none-any.whl", hash = "sha256:27babd3cda2a6d50b30443204ee89830707d396671944c998b5975b031ac2b2c"},
    {file = "requests-2.32.4.tar.gz", hash = "sha256:27d0316682c8a29834d3264820024b62a36942083d52caf2f14c0591336d3422"},
]

[package.dependencies]
certifi = ">=2017.4.17"
charset_normalizer = ">=2,<4"
idna = ">=2.5,<4"
urllib3 = ">=1.21.1,<3"

[package.extras]
socks = ["PySocks (>=1.5.6,!=1.5.7)"]
use-chardet-on-py3 = ["chardet (>=3.0.2,<6)"]

[[package]]
name = "sentry-sdk"
version = "2.30.0"
description = "Python client for Sentry (https://sentry.io)"
optional = false
python-versions = ">=3.6"
groups = ["main"]
files = [
    {file = "sentry_sdk-2.30.0-py2.py3-none-any.whl", hash = "sha256:59391db1550662f746ea09b483806a631c3ae38d6340804a1a4c0605044f6877"},
    {file = "sentry_sdk-2.30.0.tar.gz", hash = "sha256:436369b02afef7430efb10300a344fb61a11fe6db41c2b11f41ee037d2dd7f45"},
]

[package.dependencies]
certifi = "*"
urllib3 = ">=1.26.11"

[package.extras]
aiohttp = ["aiohttp (>=3.5)"]
anthropic = ["anthropic (>=0.16)"]
arq = ["arq (>=0.23)"]
asyncpg = ["asyncpg (>=0.23)"]
beam = ["apache-beam (>=2.12)"]
bottle = ["bottle (>=0.12.13)"]
celery = ["celery (>=3)"]
celery-redbeat = ["celery-redbeat (>=2)"]
chalice = ["chalice (>=1.16.0)"]
clickhouse-driver = ["clickhouse-driver (>=0.2.0)"]
django = ["django (>=1.8)"]
falcon = ["falcon (>=1.4)"]
fastapi = ["fastapi (>=0.79.0)"]
flask = ["blinker (>=1.1)", "flask (>=0.11)", "markupsafe"]
grpcio = ["grpcio (>=1.21.1)", "protobuf (>=3.8.0)"]
http2 = ["httpcore[http2] (==1.*)"]
httpx = ["httpx (>=0.16.0)"]
huey = ["huey (>=2)"]
huggingface-hub = ["huggingface_hub (>=0.22)"]
langchain = ["langchain (>=0.0.210)"]
launchdarkly = ["launchdarkly-server-sdk (>=9.8.0)"]
litestar = ["litestar (>=2.0.0)"]
loguru = ["loguru (>=0.5)"]
openai = ["openai (>=1.0.0)", "tiktoken (>=0.3.0)"]
openfeature = ["openfeature-sdk (>=0.7.1)"]
opentelemetry = ["opentelemetry-distro (>=0.35b0)"]
opentelemetry-experimental = ["opentelemetry-distro"]
pure-eval = ["asttokens", "executing", "pure_eval"]
pymongo = ["pymongo (>=3.1)"]
pyspark = ["pyspark (>=2.4.4)"]
quart = ["blinker (>=1.1)", "quart (>=0.16.1)"]
rq = ["rq (>=0.6)"]
sanic = ["sanic (>=0.8)"]
sqlalchemy = ["sqlalchemy (>=1.2)"]
starlette = ["starlette (>=0.19.1)"]
starlite = ["starlite (>=1.48)"]
statsig = ["statsig (>=0.55.3)"]
tornado = ["tornado (>=6)"]
unleash = ["UnleashClient (>=6.0.1)"]

[[package]]
name = "tzdata"
version = "2025.2"
description = "Provider of IANA time zone data"
optional = false
python-versions = ">=2"
groups = ["main"]
markers = "sys_platform == \"win32\""
files = [
    {file = "tzdata-2025.2-py2.py3-none-any.whl", hash = "sha256:1a403fada01ff9221ca8044d701868fa132215d84beb92242d9acd2147f667a8"},
    {file = "tzdata-2025.2.tar.gz", hash = "sha256:b60a638fcc0daffadf82fe0f57e53d06bdec2f36c4df66280ae79bce6bd6f2b9"},
]

[[package]]
name = "urllib3"
version = "2.4.0"
description = "HTTP library with thread-safe connection pooling, file post, and more."
optional = false
python-versions = ">=3.9"
groups = ["main"]
files = [
    {file = "urllib3-2.4.0-py3-none-any.whl", hash = "sha256:4e16665048960a0900c702d4a66415956a584919c03361cac9f1df5c5dd7e813"},
    {file = "urllib3-2.4.0.tar.gz", hash = "sha256:414bc6535b787febd7567804cc015fee39daab8ad86268f1310a9250697de466"},
]

[package.extras]
brotli = ["brotli (>=1.0.9) ; platform_python_implementation == \"CPython\"", "brotlicffi (>=0.8.0) ; platform_python_implementation != \"CPython\""]
h2 = ["h2 (>=4,<5)"]
socks = ["pysocks (>=1.5.6,!=1.5.7,<2.0)"]
zstd = ["zstandard (>=0.18.0)"]

[metadata]
lock-version = "2.1"
python-versions = "^3.13"
content-hash = "e7d6b14dc06d48e542a6aa5ece97ecea244f990069244bc344f9fb4239eefadd"
